
Microsoft Visual Studio Solution File, Format Version 12.00
# Visual Studio Version 17
VisualStudioVersion = 17.13.35931.197
MinimumVisualStudioVersion = 10.0.40219.1
Project("{FAE04EC0-301F-11D3-BF4B-00C04F79EFBC}") = "HoaVanEcommerce.BE", "HoaVanEcommerce.BE\HoaVanEcommerce.BE.csproj", "{DAEA5EB2-366B-4585-A5AF-224265B7B104}"
EndProject
Project("{FAE04EC0-301F-11D3-BF4B-00C04F79EFBC}") = "HoaVanEcommerce.Domain", "HoaVanEcommerce.Domain\HoaVanEcommerce.Domain.csproj", "{5260A8C1-89B5-4125-8903-E0A3CD7FC35D}"
EndProject
Project("{FAE04EC0-301F-11D3-BF4B-00C04F79EFBC}") = "HoaVanEcommerce.Application", "HoaVanEcommerce.Application\HoaVanEcommerce.Application.csproj", "{73A068C8-469F-43A4-B448-40D8CDA3821E}"
EndProject
Project("{FAE04EC0-301F-11D3-BF4B-00C04F79EFBC}") = "HoaVanEcommerce.Infrastructure", "HoaVanEcommerce.Infrastructure\HoaVanEcommerce.Infrastructure.csproj", "{43A1FD67-FBBF-4006-A19E-A43CABFA962D}"
EndProject
Global
	GlobalSection(SolutionConfigurationPlatforms) = preSolution
		Debug|Any CPU = Debug|Any CPU
		Release|Any CPU = Release|Any CPU
	EndGlobalSection
	GlobalSection(ProjectConfigurationPlatforms) = postSolution
		{DAEA5EB2-366B-4585-A5AF-224265B7B104}.Debug|Any CPU.ActiveCfg = Debug|Any CPU
		{DAEA5EB2-366B-4585-A5AF-224265B7B104}.Debug|Any CPU.Build.0 = Debug|Any CPU
		{DAEA5EB2-366B-4585-A5AF-224265B7B104}.Release|Any CPU.ActiveCfg = Release|Any CPU
		{DAEA5EB2-366B-4585-A5AF-224265B7B104}.Release|Any CPU.Build.0 = Release|Any CPU
		{5260A8C1-89B5-4125-8903-E0A3CD7FC35D}.Debug|Any CPU.ActiveCfg = Debug|Any CPU
		{5260A8C1-89B5-4125-8903-E0A3CD7FC35D}.Debug|Any CPU.Build.0 = Debug|Any CPU
		{5260A8C1-89B5-4125-8903-E0A3CD7FC35D}.Release|Any CPU.ActiveCfg = Release|Any CPU
		{5260A8C1-89B5-4125-8903-E0A3CD7FC35D}.Release|Any CPU.Build.0 = Release|Any CPU
		{73A068C8-469F-43A4-B448-40D8CDA3821E}.Debug|Any CPU.ActiveCfg = Debug|Any CPU
		{73A068C8-469F-43A4-B448-40D8CDA3821E}.Debug|Any CPU.Build.0 = Debug|Any CPU
		{73A068C8-469F-43A4-B448-40D8CDA3821E}.Release|Any CPU.ActiveCfg = Release|Any CPU
		{73A068C8-469F-43A4-B448-40D8CDA3821E}.Release|Any CPU.Build.0 = Release|Any CPU
		{43A1FD67-FBBF-4006-A19E-A43CABFA962D}.Debug|Any CPU.ActiveCfg = Debug|Any CPU
		{43A1FD67-FBBF-4006-A19E-A43CABFA962D}.Debug|Any CPU.Build.0 = Debug|Any CPU
		{43A1FD67-FBBF-4006-A19E-A43CABFA962D}.Release|Any CPU.ActiveCfg = Release|Any CPU
		{43A1FD67-FBBF-4006-A19E-A43CABFA962D}.Release|Any CPU.Build.0 = Release|Any CPU
	EndGlobalSection
	GlobalSection(SolutionProperties) = preSolution
		HideSolutionNode = FALSE
	EndGlobalSection
	GlobalSection(ExtensibilityGlobals) = postSolution
		SolutionGuid = {F3F7F2A0-A655-47C8-9BA7-DB4F745D461F}
	EndGlobalSection
EndGlobal
